
Microsoft Visual Studio Solution File, Format Version 12.00
# Visual Studio 15
VisualStudioVersion = 15.0.26730.8
MinimumVisualStudioVersion = 10.0.40219.1
Project("{FAE04EC0-301F-11D3-BF4B-00C04F79EFBC}") = "oefOppervlakte", "oefOppervlakte\oefOppervlakte.csproj", "{6B427C6B-9EE7-435C-B02F-9BCDEC72399C}"
EndProject
Global
	GlobalSection(SolutionConfigurationPlatforms) = preSolution
		Debug|Any CPU = Debug|Any CPU
		Release|Any CPU = Release|Any CPU
	EndGlobalSection
	GlobalSection(ProjectConfigurationPlatforms) = postSolution
		{6B427C6B-9EE7-435C-B02F-9BCDEC72399C}.Debug|Any CPU.ActiveCfg = Debug|Any CPU
		{6B427C6B-9EE7-435C-B02F-9BCDEC72399C}.Debug|Any CPU.Build.0 = Debug|Any CPU
		{6B427C6B-9EE7-435C-B02F-9BCDEC72399C}.Release|Any CPU.ActiveCfg = Release|Any CPU
		{6B427C6B-9EE7-435C-B02F-9BCDEC72399C}.Release|Any CPU.Build.0 = Release|Any CPU
	EndGlobalSection
	GlobalSection(SolutionProperties) = preSolution
		HideSolutionNode = FALSE
	EndGlobalSection
	GlobalSection(ExtensibilityGlobals) = postSolution
		SolutionGuid = {30FB389C-3FE9-4FED-8B6F-8F1C456F9385}
	EndGlobalSection
EndGlobal
